<?xml version="1.0" encoding="utf-8"?>
<Project ToolsVersion="4.0" xmlns="http://schemas.microsoft.com/developer/msbuild/2003">
  <ItemGroup>
    <Filter Include="Goblin">
      <UniqueIdentifier>{E07F8DB5-CC21-B88B-B5DC-CBDFA11D3FDC}</UniqueIdentifier>
    </Filter>
  </ItemGroup>
  <ItemGroup>
    <ClInclude Include="src\Goblin.h" />
    <ClInclude Include="src\Goblin\Application.h">
      <Filter>Goblin</Filter>
    </ClInclude>
    <ClInclude Include="src\Goblin\Core.h">
      <Filter>Goblin</Filter>
    </ClInclude>
    <ClInclude Include="src\Goblin\EntryPoint.h">
      <Filter>Goblin</Filter>
    </ClInclude>
    <ClInclude Include="src\Goblin\Log.h">
      <Filter>Goblin</Filter>
    </ClInclude>
  </ItemGroup>
  <ItemGroup>
    <ClCompile Include="src\Goblin\Application.cpp">
      <Filter>Goblin</Filter>
    </ClCompile>
    <ClCompile Include="src\Goblin\Log.cpp">
      <Filter>Goblin</Filter>
    </ClCompile>
  </ItemGroup>
</Project>